
Microsoft Visual Studio Solution File, Format Version 12.00
# Visual Studio Version 17
VisualStudioVersion = 17.14.36623.8 d17.14
MinimumVisualStudioVersion = 10.0.40219.1
Project("{FAE04EC0-301F-11D3-BF4B-00C04F79EFBC}") = "StoryDesignSupportWebApp", "StoryDesignSupportWebApp\StoryDesignSupportWebApp\StoryDesignSupportWebApp.csproj", "{25AA0034-67A1-4BC8-873C-CE9326681452}"
EndProject
Project("{FAE04EC0-301F-11D3-BF4B-00C04F79EFBC}") = "StoryDesignSupportWebApp.Client", "StoryDesignSupportWebApp\StoryDesignSupportWebApp.Client\StoryDesignSupportWebApp.Client.csproj", "{5B380244-287F-47F3-B0A0-A69274C69032}"
EndProject
Global
	GlobalSection(SolutionConfigurationPlatforms) = preSolution
		Debug|Any CPU = Debug|Any CPU
		Release|Any CPU = Release|Any CPU
	EndGlobalSection
	GlobalSection(ProjectConfigurationPlatforms) = postSolution
		{25AA0034-67A1-4BC8-873C-CE9326681452}.Debug|Any CPU.ActiveCfg = Debug|Any CPU
		{25AA0034-67A1-4BC8-873C-CE9326681452}.Debug|Any CPU.Build.0 = Debug|Any CPU
		{25AA0034-67A1-4BC8-873C-CE9326681452}.Release|Any CPU.ActiveCfg = Release|Any CPU
		{25AA0034-67A1-4BC8-873C-CE9326681452}.Release|Any CPU.Build.0 = Release|Any CPU
		{5B380244-287F-47F3-B0A0-A69274C69032}.Debug|Any CPU.ActiveCfg = Debug|Any CPU
		{5B380244-287F-47F3-B0A0-A69274C69032}.Debug|Any CPU.Build.0 = Debug|Any CPU
		{5B380244-287F-47F3-B0A0-A69274C69032}.Release|Any CPU.ActiveCfg = Release|Any CPU
		{5B380244-287F-47F3-B0A0-A69274C69032}.Release|Any CPU.Build.0 = Release|Any CPU
	EndGlobalSection
	GlobalSection(SolutionProperties) = preSolution
		HideSolutionNode = FALSE
	EndGlobalSection
	GlobalSection(ExtensibilityGlobals) = postSolution
		SolutionGuid = {20D0F744-FDB0-494C-B4C7-54354145132F}
	EndGlobalSection
EndGlobal
